<?xml version="1.0" encoding="utf-8"?>
<Project ToolsVersion="4.0" xmlns="http://schemas.microsoft.com/developer/msbuild/2003">
  <ItemGroup>
    <ClCompile Include="Game.cpp" />
    <ClCompile Include="main.cpp" />
    <ClCompile Include="stdafx.cpp" />
    <ClCompile Include="SnakeEnemy.cpp" />
    <ClCompile Include="SnakeEnemy.cpp" />
    <ClCompile Include="Enemy\State\IState.cpp" />
    <ClCompile Include="system\system.cpp" />
  </ItemGroup>
  <ItemGroup>
    <ClInclude Include="Game.h" />
    <ClInclude Include="stdafx.h" />
    <ClInclude Include="EnemyBase.h" />
    <ClInclude Include="GameClear.h" />
    <ClInclude Include="system\system.h" />
  </ItemGroup>
</Project>