<?xml version="1.0" encoding="utf-8"?>
<Project ToolsVersion="4.0" xmlns="http://schemas.microsoft.com/developer/msbuild/2003">
  <ItemGroup>
    <ClCompile Include="Game.cpp" />
    <ClCompile Include="main.cpp" />
    <ClCompile Include="stdafx.cpp" />
    <ClCompile Include="system\system.cpp" />
    <ClCompile Include="Actor\Item\Block.cpp">
      <Filter>Actor\Item</Filter>
    </ClCompile>
    <ClCompile Include="Effect\GameEffect.cpp">
      <Filter>Effect</Filter>
    </ClCompile>
    <ClCompile Include="Actor\Item\ItemManager.cpp">
      <Filter>Actor\Item</Filter>
    </ClCompile>
    <ClCompile Include="Actor\Character\Character.cpp">
      <Filter>Actor\Character</Filter>
    </ClCompile>
    <ClCompile Include="Actor\StateMachine\IState.cpp">
      <Filter>Actor\StateMachine</Filter>
    </ClCompile>
    <ClCompile Include="Actor\Character\Player\Player.cpp">
      <Filter>Actor\Character\Player</Filter>
    </ClCompile>
    <ClCompile Include="Actor\StateMachine\CharacterState.cpp">
      <Filter>Actor\StateMachine</Filter>
    </ClCompile>
    <ClCompile Include="Actor\AI\CharacterAIController.cpp">
      <Filter>Actor\AI</Filter>
    </ClCompile>
    <ClCompile Include="Actor\AI\IAIController.cpp">
      <Filter>Actor\AI</Filter>
    </ClCompile>
    <ClCompile Include="Actor\StateMachine\PlayerState.cpp">
      <Filter>Actor\StateMachine</Filter>
    </ClCompile>
    <ClCompile Include="Actor\AI\PlayerAIController.cpp">
      <Filter>Actor\AI</Filter>
    </ClCompile>
  </ItemGroup>
  <ItemGroup>
    <ClInclude Include="Game.h" />
    <ClInclude Include="stdafx.h" />
    <ClInclude Include="system\system.h" />
    <ClInclude Include="Actor\Item\Block.h">
      <Filter>Actor\Item</Filter>
    </ClInclude>
    <ClInclude Include="Effect\GameEffect.h">
      <Filter>Effect</Filter>
    </ClInclude>
    <ClInclude Include="Actor\Item\ItemManager.h">
      <Filter>Actor\Item</Filter>
    </ClInclude>
    <ClInclude Include="Actor\Character\Character.h">
      <Filter>Actor\Character</Filter>
    </ClInclude>
    <ClInclude Include="Actor\StateMachine\IState.h">
      <Filter>Actor\StateMachine</Filter>
    </ClInclude>
    <ClInclude Include="Actor\Character\Player\Player.h">
      <Filter>Actor\Character\Player</Filter>
    </ClInclude>
    <ClInclude Include="Actor\StateMachine\CharacterState.h">
      <Filter>Actor\StateMachine</Filter>
    </ClInclude>
    <ClInclude Include="resource.h" />
    <ClInclude Include="Actor\AI\CharacterAIController.h">
      <Filter>Actor\AI</Filter>
    </ClInclude>
    <ClInclude Include="Actor\AI\IAIController.h">
      <Filter>Actor\AI</Filter>
    </ClInclude>
    <ClInclude Include="Actor\StateMachine\PlayerState.h">
      <Filter>Actor\StateMachine</Filter>
    </ClInclude>
    <ClInclude Include="Actor\AI\PlayerAIController.h">
      <Filter>Actor\AI</Filter>
    </ClInclude>
  </ItemGroup>
  <ItemGroup>
    <Filter Include="Actor">
      <UniqueIdentifier>{ed7d6133-d26c-4b9e-89b5-c0844d7590e5}</UniqueIdentifier>
    </Filter>
    <Filter Include="Actor\Item">
      <UniqueIdentifier>{e0755d06-c773-478b-91d7-af67988cdb60}</UniqueIdentifier>
    </Filter>
    <Filter Include="Effect">
      <UniqueIdentifier>{0ed46e59-8380-406a-959a-bdee00f52467}</UniqueIdentifier>
    </Filter>
    <Filter Include="Actor\Character">
      <UniqueIdentifier>{98ccbabe-8fe7-4c03-96c5-efe7567c4cd1}</UniqueIdentifier>
    </Filter>
    <Filter Include="Actor\Character\Player">
      <UniqueIdentifier>{0bee7aa7-74b8-48dd-b352-c5579e6363e7}</UniqueIdentifier>
    </Filter>
    <Filter Include="Actor\StateMachine">
      <UniqueIdentifier>{305e780f-74c2-4d55-8c98-913dc4fbcbb2}</UniqueIdentifier>
    </Filter>
    <Filter Include="Actor\AI">
      <UniqueIdentifier>{910f4c2d-cf54-4bc5-a207-55f39f37a949}</UniqueIdentifier>
    </Filter>
  </ItemGroup>
  <ItemGroup>
    <ResourceCompile Include="Game.rc" />
  </ItemGroup>
</Project>