<?xml version="1.0" encoding="utf-8"?>
<Project ToolsVersion="4.0" xmlns="http://schemas.microsoft.com/developer/msbuild/2003">
  <ItemGroup>
    <ClCompile Include="Game.cpp" />
    <ClCompile Include="main.cpp" />
    <ClCompile Include="stdafx.cpp" />
    <ClCompile Include="SnakeEnemy.cpp" />
    <ClCompile Include="system\system.cpp" />
    <ClCompile Include="Actor\Item\Block.cpp">
      <Filter>Actor\Item</Filter>
    </ClCompile>
  </ItemGroup>
  <ItemGroup>
    <ClInclude Include="Game.h" />
    <ClInclude Include="stdafx.h" />
    <ClInclude Include="system\system.h" />
    <ClInclude Include="Actor\Item\Block.h">
      <Filter>Actor\Item</Filter>
    </ClInclude>
  </ItemGroup>
  <ItemGroup>
    <Filter Include="Actor">
      <UniqueIdentifier>{ed7d6133-d26c-4b9e-89b5-c0844d7590e5}</UniqueIdentifier>
    </Filter>
    <Filter Include="Actor\Item">
      <UniqueIdentifier>{e0755d06-c773-478b-91d7-af67988cdb60}</UniqueIdentifier>
    </Filter>
  </ItemGroup>
</Project>