<?xml version="1.0" encoding="utf-8"?>
<Project ToolsVersion="4.0" xmlns="http://schemas.microsoft.com/developer/msbuild/2003">
  <ItemGroup>
    <ClCompile Include="TMEnginePreCompile.cpp" />
    <ClCompile Include="TMEngine.cpp" />
    <ClCompile Include="graphics\FontRender.cpp">
      <Filter>graphics</Filter>
    </ClCompile>
    <ClCompile Include="graphics\ModelRender.cpp">
      <Filter>graphics</Filter>
    </ClCompile>
    <ClCompile Include="graphics\SpriteRender.cpp">
      <Filter>graphics</Filter>
    </ClCompile>
    <ClCompile Include="graphics\light\HemisphereLight.cpp">
      <Filter>graphics\light</Filter>
    </ClCompile>
    <ClCompile Include="graphics\light\PointLight.cpp">
      <Filter>graphics\light</Filter>
    </ClCompile>
    <ClCompile Include="graphics\light\SceneLight.cpp">
      <Filter>graphics\light</Filter>
    </ClCompile>
    <ClCompile Include="graphics\light\SpotLight.cpp">
      <Filter>graphics\light</Filter>
    </ClCompile>
    <ClCompile Include="graphics\postEffect\Bloom.cpp" />
    <ClCompile Include="graphics\postEffect\PostEffect.cpp" />
    <ClCompile Include="graphics\postEffect\PostEffectComponentBase.cpp" />
    <ClCompile Include="graphics\RenderingEngine.cpp" />
    <ClCompile Include="collision\CollisionObject.cpp" />
    <ClCompile Include="graphics\preRender\ShadowMapRender.cpp" />
    <ClCompile Include="level3DRender\LevelRender.cpp" />
    <ClCompile Include="nature\SkyCube.cpp" />
  </ItemGroup>
  <ItemGroup>
    <ClInclude Include="TMEnginePreCompile.h" />
    <ClInclude Include="TMEngine.h" />
    <ClInclude Include="graphics\FontRender.h">
      <Filter>graphics</Filter>
    </ClInclude>
    <ClInclude Include="graphics\IRenderer.h">
      <Filter>graphics</Filter>
    </ClInclude>
    <ClInclude Include="graphics\ModelRender.h">
      <Filter>graphics</Filter>
    </ClInclude>
    <ClInclude Include="graphics\MyRenderer.h">
      <Filter>graphics</Filter>
    </ClInclude>
    <ClInclude Include="graphics\SpriteRender.h">
      <Filter>graphics</Filter>
    </ClInclude>
    <ClInclude Include="graphics\light\HemisphereLight.h">
      <Filter>graphics\light</Filter>
    </ClInclude>
    <ClInclude Include="graphics\light\PointLight.h">
      <Filter>graphics\light</Filter>
    </ClInclude>
    <ClInclude Include="graphics\light\SceneLight.h">
      <Filter>graphics\light</Filter>
    </ClInclude>
    <ClInclude Include="graphics\light\SpotLight.h">
      <Filter>graphics\light</Filter>
    </ClInclude>
    <ClInclude Include="graphics\postEffect\Bloom.h" />
    <ClInclude Include="graphics\postEffect\PostEffect.h" />
    <ClInclude Include="graphics\postEffect\PostEffectComponentBase.h" />
    <ClInclude Include="graphics\RenderingEngine.h" />
    <ClInclude Include="collision\CollisionObject.h" />
    <ClInclude Include="graphics\preRender\ShadowMapRender.h" />
    <ClInclude Include="level3DRender\LevelRender.h" />
    <ClInclude Include="nature\SkyCube.h" />
    <ClInclude Include="Util\CRC32.h" />
    <ClInclude Include="json\json.hpp" />
    <ClInclude Include="json\Json.h" />
  </ItemGroup>
  <ItemGroup>
    <Filter Include="graphics">
      <UniqueIdentifier>{00ced9fb-5edd-4f74-b0e7-9bad103a2675}</UniqueIdentifier>
    </Filter>
    <Filter Include="graphics\light">
      <UniqueIdentifier>{51b995ad-764c-4674-9189-970602f95850}</UniqueIdentifier>
    </Filter>
  </ItemGroup>
</Project>